
Microsoft Visual Studio Solution File, Format Version 12.00
# Visual Studio Version 16
VisualStudioVersion = 16.0.32929.386
MinimumVisualStudioVersion = 10.0.40219.1
Project("{8BC9CEB8-8B4A-11D0-8D11-00A0C91BC942}") = "designs", "designs.vcxproj", "{93F7B492-EB76-4BAC-8B1C-9A119B6C990D}"
EndProject
Project("{2150E333-8FDC-42A3-9474-1A3956D46DE8}") = "Factory", "Factory", "{DEBABCA7-CAA8-4437-ACBD-EA9492C71FA2}"
EndProject
Project("{8BC9CEB8-8B4A-11D0-8D11-00A0C91BC942}") = "factoryDesign", "..\Factory\factoryDesign\factoryDesign.vcxproj", "{54FC6F11-0DFF-4E2D-B8AD-CF872BED6D58}"
EndProject
Global
	GlobalSection(SolutionConfigurationPlatforms) = preSolution
		Debug|x64 = Debug|x64
		Debug|x86 = Debug|x86
		Release|x64 = Release|x64
		Release|x86 = Release|x86
	EndGlobalSection
	GlobalSection(ProjectConfigurationPlatforms) = postSolution
		{93F7B492-EB76-4BAC-8B1C-9A119B6C990D}.Debug|x64.ActiveCfg = Debug|x64
		{93F7B492-EB76-4BAC-8B1C-9A119B6C990D}.Debug|x64.Build.0 = Debug|x64
		{93F7B492-EB76-4BAC-8B1C-9A119B6C990D}.Debug|x86.ActiveCfg = Debug|Win32
		{93F7B492-EB76-4BAC-8B1C-9A119B6C990D}.Debug|x86.Build.0 = Debug|Win32
		{93F7B492-EB76-4BAC-8B1C-9A119B6C990D}.Release|x64.ActiveCfg = Release|x64
		{93F7B492-EB76-4BAC-8B1C-9A119B6C990D}.Release|x64.Build.0 = Release|x64
		{93F7B492-EB76-4BAC-8B1C-9A119B6C990D}.Release|x86.ActiveCfg = Release|Win32
		{93F7B492-EB76-4BAC-8B1C-9A119B6C990D}.Release|x86.Build.0 = Release|Win32
		{54FC6F11-0DFF-4E2D-B8AD-CF872BED6D58}.Debug|x64.ActiveCfg = Debug|x64
		{54FC6F11-0DFF-4E2D-B8AD-CF872BED6D58}.Debug|x64.Build.0 = Debug|x64
		{54FC6F11-0DFF-4E2D-B8AD-CF872BED6D58}.Debug|x86.ActiveCfg = Debug|Win32
		{54FC6F11-0DFF-4E2D-B8AD-CF872BED6D58}.Debug|x86.Build.0 = Debug|Win32
		{54FC6F11-0DFF-4E2D-B8AD-CF872BED6D58}.Release|x64.ActiveCfg = Release|x64
		{54FC6F11-0DFF-4E2D-B8AD-CF872BED6D58}.Release|x64.Build.0 = Release|x64
		{54FC6F11-0DFF-4E2D-B8AD-CF872BED6D58}.Release|x86.ActiveCfg = Release|Win32
		{54FC6F11-0DFF-4E2D-B8AD-CF872BED6D58}.Release|x86.Build.0 = Release|Win32
	EndGlobalSection
	GlobalSection(SolutionProperties) = preSolution
		HideSolutionNode = FALSE
	EndGlobalSection
	GlobalSection(NestedProjects) = preSolution
		{54FC6F11-0DFF-4E2D-B8AD-CF872BED6D58} = {DEBABCA7-CAA8-4437-ACBD-EA9492C71FA2}
	EndGlobalSection
	GlobalSection(ExtensibilityGlobals) = postSolution
		SolutionGuid = {0127AFED-368F-497C-9030-75F417F4BF84}
	EndGlobalSection
EndGlobal
